
Microsoft Visual Studio Solution File, Format Version 12.00
# Visual Studio Version 17
VisualStudioVersion = 17.13.35931.197 d17.13
MinimumVisualStudioVersion = 10.0.40219.1
Project("{FAE04EC0-301F-11D3-BF4B-00C04F79EFBC}") = "TriangleFormApp", "TriangleFormApp\TriangleFormApp.csproj", "{6A2BAD57-76E8-4C5A-8A82-19433B916136}"
EndProject
Global
	GlobalSection(SolutionConfigurationPlatforms) = preSolution
		Debug|Any CPU = Debug|Any CPU
		Release|Any CPU = Release|Any CPU
	EndGlobalSection
	GlobalSection(ProjectConfigurationPlatforms) = postSolution
		{6A2BAD57-76E8-4C5A-8A82-19433B916136}.Debug|Any CPU.ActiveCfg = Debug|Any CPU
		{6A2BAD57-76E8-4C5A-8A82-19433B916136}.Debug|Any CPU.Build.0 = Debug|Any CPU
		{6A2BAD57-76E8-4C5A-8A82-19433B916136}.Release|Any CPU.ActiveCfg = Release|Any CPU
		{6A2BAD57-76E8-4C5A-8A82-19433B916136}.Release|Any CPU.Build.0 = Release|Any CPU
	EndGlobalSection
	GlobalSection(SolutionProperties) = preSolution
		HideSolutionNode = FALSE
	EndGlobalSection
	GlobalSection(ExtensibilityGlobals) = postSolution
		SolutionGuid = {3F20DEFB-8EDC-4B96-A96E-9773A9B6E756}
	EndGlobalSection
EndGlobal
